
Microsoft Visual Studio Solution File, Format Version 12.00
# Visual Studio Version 16
VisualStudioVersion = 16.0.33214.272
MinimumVisualStudioVersion = 10.0.40219.1
Project("{FAE04EC0-301F-11D3-BF4B-00C04F79EFBC}") = "PR_16_2_2var", "PR_16_2_2var.csproj", "{229F969A-16DA-4235-A364-B8985CC356C8}"
EndProject
Global
	GlobalSection(SolutionConfigurationPlatforms) = preSolution
		Debug|Any CPU = Debug|Any CPU
		Release|Any CPU = Release|Any CPU
	EndGlobalSection
	GlobalSection(ProjectConfigurationPlatforms) = postSolution
		{229F969A-16DA-4235-A364-B8985CC356C8}.Debug|Any CPU.ActiveCfg = Debug|Any CPU
		{229F969A-16DA-4235-A364-B8985CC356C8}.Debug|Any CPU.Build.0 = Debug|Any CPU
		{229F969A-16DA-4235-A364-B8985CC356C8}.Release|Any CPU.ActiveCfg = Release|Any CPU
		{229F969A-16DA-4235-A364-B8985CC356C8}.Release|Any CPU.Build.0 = Release|Any CPU
	EndGlobalSection
	GlobalSection(SolutionProperties) = preSolution
		HideSolutionNode = FALSE
	EndGlobalSection
	GlobalSection(ExtensibilityGlobals) = postSolution
		SolutionGuid = {B128DCE1-1CF6-443F-8395-D5D392CD23EE}
	EndGlobalSection
EndGlobal
